
Microsoft Visual Studio Solution File, Format Version 12.00
# Visual Studio Version 16
VisualStudioVersion = 16.0.29709.97
MinimumVisualStudioVersion = 15.0.26124.0
Project("{9A19103F-16F7-4668-BE54-9A1E7A4F7556}") = "Domain", "Domain\Domain.csproj", "{B7676A84-DEF9-4CF7-8BB6-1AB3E797A78B}"
EndProject
Project("{9A19103F-16F7-4668-BE54-9A1E7A4F7556}") = "Persistance", "Persistance\Persistance.csproj", "{5B3BE968-6A3D-4A1E-9C0B-4585FCD7884B}"
EndProject
Project("{9A19103F-16F7-4668-BE54-9A1E7A4F7556}") = "API", "API\API.csproj", "{BCE43F46-ECA5-4986-873A-21D3635CF8DE}"
EndProject
Project("{9A19103F-16F7-4668-BE54-9A1E7A4F7556}") = "Application", "Application\Application.csproj", "{69116BDE-B8D0-4640-BCA9-9C409635E910}"
EndProject
Global
	GlobalSection(SolutionConfigurationPlatforms) = preSolution
		Debug|Any CPU = Debug|Any CPU
		Debug|x64 = Debug|x64
		Debug|x86 = Debug|x86
		Release|Any CPU = Release|Any CPU
		Release|x64 = Release|x64
		Release|x86 = Release|x86
	EndGlobalSection
	GlobalSection(ProjectConfigurationPlatforms) = postSolution
		{B7676A84-DEF9-4CF7-8BB6-1AB3E797A78B}.Debug|Any CPU.ActiveCfg = Debug|Any CPU
		{B7676A84-DEF9-4CF7-8BB6-1AB3E797A78B}.Debug|Any CPU.Build.0 = Debug|Any CPU
		{B7676A84-DEF9-4CF7-8BB6-1AB3E797A78B}.Debug|x64.ActiveCfg = Debug|Any CPU
		{B7676A84-DEF9-4CF7-8BB6-1AB3E797A78B}.Debug|x64.Build.0 = Debug|Any CPU
		{B7676A84-DEF9-4CF7-8BB6-1AB3E797A78B}.Debug|x86.ActiveCfg = Debug|Any CPU
		{B7676A84-DEF9-4CF7-8BB6-1AB3E797A78B}.Debug|x86.Build.0 = Debug|Any CPU
		{B7676A84-DEF9-4CF7-8BB6-1AB3E797A78B}.Release|Any CPU.ActiveCfg = Release|Any CPU
		{B7676A84-DEF9-4CF7-8BB6-1AB3E797A78B}.Release|Any CPU.Build.0 = Release|Any CPU
		{B7676A84-DEF9-4CF7-8BB6-1AB3E797A78B}.Release|x64.ActiveCfg = Release|Any CPU
		{B7676A84-DEF9-4CF7-8BB6-1AB3E797A78B}.Release|x64.Build.0 = Release|Any CPU
		{B7676A84-DEF9-4CF7-8BB6-1AB3E797A78B}.Release|x86.ActiveCfg = Release|Any CPU
		{B7676A84-DEF9-4CF7-8BB6-1AB3E797A78B}.Release|x86.Build.0 = Release|Any CPU
		{5B3BE968-6A3D-4A1E-9C0B-4585FCD7884B}.Debug|Any CPU.ActiveCfg = Debug|Any CPU
		{5B3BE968-6A3D-4A1E-9C0B-4585FCD7884B}.Debug|Any CPU.Build.0 = Debug|Any CPU
		{5B3BE968-6A3D-4A1E-9C0B-4585FCD7884B}.Debug|x64.ActiveCfg = Debug|Any CPU
		{5B3BE968-6A3D-4A1E-9C0B-4585FCD7884B}.Debug|x64.Build.0 = Debug|Any CPU
		{5B3BE968-6A3D-4A1E-9C0B-4585FCD7884B}.Debug|x86.ActiveCfg = Debug|Any CPU
		{5B3BE968-6A3D-4A1E-9C0B-4585FCD7884B}.Debug|x86.Build.0 = Debug|Any CPU
		{5B3BE968-6A3D-4A1E-9C0B-4585FCD7884B}.Release|Any CPU.ActiveCfg = Release|Any CPU
		{5B3BE968-6A3D-4A1E-9C0B-4585FCD7884B}.Release|Any CPU.Build.0 = Release|Any CPU
		{5B3BE968-6A3D-4A1E-9C0B-4585FCD7884B}.Release|x64.ActiveCfg = Release|Any CPU
		{5B3BE968-6A3D-4A1E-9C0B-4585FCD7884B}.Release|x64.Build.0 = Release|Any CPU
		{5B3BE968-6A3D-4A1E-9C0B-4585FCD7884B}.Release|x86.ActiveCfg = Release|Any CPU
		{5B3BE968-6A3D-4A1E-9C0B-4585FCD7884B}.Release|x86.Build.0 = Release|Any CPU
		{BCE43F46-ECA5-4986-873A-21D3635CF8DE}.Debug|Any CPU.ActiveCfg = Debug|Any CPU
		{BCE43F46-ECA5-4986-873A-21D3635CF8DE}.Debug|Any CPU.Build.0 = Debug|Any CPU
		{BCE43F46-ECA5-4986-873A-21D3635CF8DE}.Debug|x64.ActiveCfg = Debug|Any CPU
		{BCE43F46-ECA5-4986-873A-21D3635CF8DE}.Debug|x64.Build.0 = Debug|Any CPU
		{BCE43F46-ECA5-4986-873A-21D3635CF8DE}.Debug|x86.ActiveCfg = Debug|Any CPU
		{BCE43F46-ECA5-4986-873A-21D3635CF8DE}.Debug|x86.Build.0 = Debug|Any CPU
		{BCE43F46-ECA5-4986-873A-21D3635CF8DE}.Release|Any CPU.ActiveCfg = Release|Any CPU
		{BCE43F46-ECA5-4986-873A-21D3635CF8DE}.Release|Any CPU.Build.0 = Release|Any CPU
		{BCE43F46-ECA5-4986-873A-21D3635CF8DE}.Release|x64.ActiveCfg = Release|Any CPU
		{BCE43F46-ECA5-4986-873A-21D3635CF8DE}.Release|x64.Build.0 = Release|Any CPU
		{BCE43F46-ECA5-4986-873A-21D3635CF8DE}.Release|x86.ActiveCfg = Release|Any CPU
		{BCE43F46-ECA5-4986-873A-21D3635CF8DE}.Release|x86.Build.0 = Release|Any CPU
		{69116BDE-B8D0-4640-BCA9-9C409635E910}.Debug|Any CPU.ActiveCfg = Debug|Any CPU
		{69116BDE-B8D0-4640-BCA9-9C409635E910}.Debug|Any CPU.Build.0 = Debug|Any CPU
		{69116BDE-B8D0-4640-BCA9-9C409635E910}.Debug|x64.ActiveCfg = Debug|Any CPU
		{69116BDE-B8D0-4640-BCA9-9C409635E910}.Debug|x64.Build.0 = Debug|Any CPU
		{69116BDE-B8D0-4640-BCA9-9C409635E910}.Debug|x86.ActiveCfg = Debug|Any CPU
		{69116BDE-B8D0-4640-BCA9-9C409635E910}.Debug|x86.Build.0 = Debug|Any CPU
		{69116BDE-B8D0-4640-BCA9-9C409635E910}.Release|Any CPU.ActiveCfg = Release|Any CPU
		{69116BDE-B8D0-4640-BCA9-9C409635E910}.Release|Any CPU.Build.0 = Release|Any CPU
		{69116BDE-B8D0-4640-BCA9-9C409635E910}.Release|x64.ActiveCfg = Release|Any CPU
		{69116BDE-B8D0-4640-BCA9-9C409635E910}.Release|x64.Build.0 = Release|Any CPU
		{69116BDE-B8D0-4640-BCA9-9C409635E910}.Release|x86.ActiveCfg = Release|Any CPU
		{69116BDE-B8D0-4640-BCA9-9C409635E910}.Release|x86.Build.0 = Release|Any CPU
	EndGlobalSection
	GlobalSection(SolutionProperties) = preSolution
		HideSolutionNode = FALSE
	EndGlobalSection
	GlobalSection(ExtensibilityGlobals) = postSolution
		SolutionGuid = {ABAE2B80-B948-4410-A17D-908E5A82FC94}
	EndGlobalSection
EndGlobal
